
Microsoft Visual Studio Solution File, Format Version 12.00
# Visual Studio 2012
Project("{FAE04EC0-301F-11D3-BF4B-00C04F79EFBC}") = "Sloader", "Sloader\Sloader.csproj", "{6B01EDB7-D098-45D7-93B0-E2E4420EF987}"
EndProject
Global
	GlobalSection(SourceCodeControl) = preSolution
		SccNumberOfProjects = 2
		SccLocalPath0 = .
		CanCheckoutShared = false
		SccProjectUniqueName1 = Sloader\\Sloader.csproj
		SccLocalPath1 = .
		SccProjectFilePathRelativizedFromConnection1 = Sloader\\
	EndGlobalSection
	GlobalSection(SolutionConfigurationPlatforms) = preSolution
		Debug|Any CPU = Debug|Any CPU
		Release|Any CPU = Release|Any CPU
	EndGlobalSection
	GlobalSection(ProjectConfigurationPlatforms) = postSolution
		{6B01EDB7-D098-45D7-93B0-E2E4420EF987}.Debug|Any CPU.ActiveCfg = Debug|Any CPU
		{6B01EDB7-D098-45D7-93B0-E2E4420EF987}.Debug|Any CPU.Build.0 = Debug|Any CPU
		{6B01EDB7-D098-45D7-93B0-E2E4420EF987}.Release|Any CPU.ActiveCfg = Release|Any CPU
		{6B01EDB7-D098-45D7-93B0-E2E4420EF987}.Release|Any CPU.Build.0 = Release|Any CPU
	EndGlobalSection
	GlobalSection(SolutionProperties) = preSolution
		HideSolutionNode = FALSE
	EndGlobalSection
EndGlobal
